// !$*UTF8*$!
{
	archiveVersion = 1;
	classes = {
	};
	objectVersion = 56;
	objects = {

/* Begin PBXBuildFile section */
		EA747B212A73338400F58AE3 /* BoyzTown: Renissance Guys and Dogs StickerPackExtension.appex in Embed Foundation Extensions */ = {isa = PBXBuildFile; fileRef = EA747B202A73338400F58AE3 /* BoyzTown: Renissance Guys and Dogs StickerPackExtension.appex */; settings = {ATTRIBUTES = (RemoveHeadersOnCopy, ); }; };
		EA747B252A73338400F58AE3 /* Stickers.xcstickers in Resources */ = {isa = PBXBuildFile; fileRef = EA747B242A73338400F58AE3 /* Stickers.xcstickers */; };
		EA747B262A73338400F58AE3 /* Stickers.xcstickers in Resources */ = {isa = PBXBuildFile; fileRef = EA747B242A73338400F58AE3 /* Stickers.xcstickers */; };
/* End PBXBuildFile section */

/* Begin PBXContainerItemProxy section */
		EA747B222A73338400F58AE3 /* PBXContainerItemProxy */ = {
			isa = PBXContainerItemProxy;
			containerPortal = EA747B162A73338400F58AE3 /* Project object */;
			proxyType = 1;
			remoteGlobalIDString = EA747B1F2A73338400F58AE3;
			remoteInfo = "BoyzTown: Renissance Guys and Dogs StickerPackExtension";
		};
/* End PBXContainerItemProxy section */

/* Begin PBXCopyFilesBuildPhase section */
		EA747B2C2A73338400F58AE3 /* Embed Foundation Extensions */ = {
			isa = PBXCopyFilesBuildPhase;
			buildActionMask = 2147483647;
			dstPath = "";
			dstSubfolderSpec = 13;
			files = (
				EA747B212A73338400F58AE3 /* BoyzTown: Renissance Guys and Dogs StickerPackExtension.appex in Embed Foundation Extensions */,
			);
			name = "Embed Foundation Extensions";
			runOnlyForDeploymentPostprocessing = 0;
		};
/* End PBXCopyFilesBuildPhase section */

/* Begin PBXFileReference section */
		EA747B1C2A73338400F58AE3 /* BoyzTown: Renissance Guys and Dogs.app */ = {isa = PBXFileReference; explicitFileType = wrapper.application; includeInIndex = 0; path = "BoyzTown: Renissance Guys and Dogs.app"; sourceTree = BUILT_PRODUCTS_DIR; };
		EA747B202A73338400F58AE3 /* BoyzTown: Renissance Guys and Dogs StickerPackExtension.appex */ = {isa = PBXFileReference; explicitFileType = "wrapper.app-extension"; includeInIndex = 0; path = "BoyzTown: Renissance Guys and Dogs StickerPackExtension.appex"; sourceTree = BUILT_PRODUCTS_DIR; };
		EA747B242A73338400F58AE3 /* Stickers.xcstickers */ = {isa = PBXFileReference; lastKnownFileType = folder.stickers; name = Stickers.xcstickers; path = "BoyzTown: Renissance Guys and Dogs StickerPackExtension/Stickers.xcstickers"; sourceTree = "<group>"; };
/* End PBXFileReference section */

/* Begin PBXGroup section */
		EA747B152A73338400F58AE3 = {
			isa = PBXGroup;
			children = (
				EA747B242A73338400F58AE3 /* Stickers.xcstickers */,
				EA747B1D2A73338400F58AE3 /* Products */,
			);
			sourceTree = "<group>";
		};
		EA747B1D2A73338400F58AE3 /* Products */ = {
			isa = PBXGroup;
			children = (
				EA747B1C2A73338400F58AE3 /* BoyzTown: Renissance Guys and Dogs.app */,
				EA747B202A73338400F58AE3 /* BoyzTown: Renissance Guys and Dogs StickerPackExtension.appex */,
			);
			name = Products;
			sourceTree = "<group>";
		};
/* End PBXGroup section */

/* Begin PBXNativeTarget section */
		EA747B1B2A73338400F58AE3 /* BoyzTown: Renissance Guys and Dogs */ = {
			isa = PBXNativeTarget;
			buildConfigurationList = EA747B2D2A73338400F58AE3 /* Build configuration list for PBXNativeTarget "BoyzTown: Renissance Guys and Dogs" */;
			buildPhases = (
				EA747B1A2A73338400F58AE3 /* Resources */,
				EA747B2C2A73338400F58AE3 /* Embed Foundation Extensions */,
			);
			buildRules = (
			);
			dependencies = (
				EA747B232A73338400F58AE3 /* PBXTargetDependency */,
			);
			name = "BoyzTown: Renissance Guys and Dogs";
			productName = "BoyzTown: Renissance Guys and Dogs";
			productReference = EA747B1C2A73338400F58AE3 /* BoyzTown: Renissance Guys and Dogs.app */;
			productType = "com.apple.product-type.application.messages";
		};
		EA747B1F2A73338400F58AE3 /* BoyzTown: Renissance Guys and Dogs StickerPackExtension */ = {
			isa = PBXNativeTarget;
			buildConfigurationList = EA747B292A73338400F58AE3 /* Build configuration list for PBXNativeTarget "BoyzTown: Renissance Guys and Dogs StickerPackExtension" */;
			buildPhases = (
				EA747B1E2A73338400F58AE3 /* Resources */,
			);
			buildRules = (
			);
			dependencies = (
			);
			name = "BoyzTown: Renissance Guys and Dogs StickerPackExtension";
			productName = "BoyzTown: Renissance Guys and Dogs StickerPackExtension";
			productReference = EA747B202A73338400F58AE3 /* BoyzTown: Renissance Guys and Dogs StickerPackExtension.appex */;
			productType = "com.apple.product-type.app-extension.messages-sticker-pack";
		};
/* End PBXNativeTarget section */

/* Begin PBXProject section */
		EA747B162A73338400F58AE3 /* Project object */ = {
			isa = PBXProject;
			attributes = {
				BuildIndependentTargetsInParallel = 1;
				LastUpgradeCheck = 1500;
				ORGANIZATIONNAME = DogBoot;
				TargetAttributes = {
					EA747B1B2A73338400F58AE3 = {
						CreatedOnToolsVersion = 15.0;
					};
					EA747B1F2A73338400F58AE3 = {
						CreatedOnToolsVersion = 15.0;
					};
				};
			};
			buildConfigurationList = EA747B192A73338400F58AE3 /* Build configuration list for PBXProject "BoyzTown: Renissance Guys and Dogs" */;
			compatibilityVersion = "Xcode 14.0";
			developmentRegion = en;
			hasScannedForEncodings = 0;
			knownRegions = (
				en,
				Base,
			);
			mainGroup = EA747B152A73338400F58AE3;
			productRefGroup = EA747B1D2A73338400F58AE3 /* Products */;
			projectDirPath = "";
			projectRoot = "";
			targets = (
				EA747B1B2A73338400F58AE3 /* BoyzTown: Renissance Guys and Dogs */,
				EA747B1F2A73338400F58AE3 /* BoyzTown: Renissance Guys and Dogs StickerPackExtension */,
			);
		};
/* End PBXProject section */

/* Begin PBXResourcesBuildPhase section */
		EA747B1A2A73338400F58AE3 /* Resources */ = {
			isa = PBXResourcesBuildPhase;
			buildActionMask = 2147483647;
			files = (
				EA747B262A73338400F58AE3 /* Stickers.xcstickers in Resources */,
			);
			runOnlyForDeploymentPostprocessing = 0;
		};
		EA747B1E2A73338400F58AE3 /* Resources */ = {
			isa = PBXResourcesBuildPhase;
			buildActionMask = 2147483647;
			files = (
				EA747B252A73338400F58AE3 /* Stickers.xcstickers in Resources */,
			);
			runOnlyForDeploymentPostprocessing = 0;
		};
/* End PBXResourcesBuildPhase section */

/* Begin PBXTargetDependency section */
		EA747B232A73338400F58AE3 /* PBXTargetDependency */ = {
			isa = PBXTargetDependency;
			target = EA747B1F2A73338400F58AE3 /* BoyzTown: Renissance Guys and Dogs StickerPackExtension */;
			targetProxy = EA747B222A73338400F58AE3 /* PBXContainerItemProxy */;
		};
/* End PBXTargetDependency section */

/* Begin XCBuildConfiguration section */
		EA747B272A73338400F58AE3 /* Debug */ = {
			isa = XCBuildConfiguration;
			buildSettings = {
				ALWAYS_SEARCH_USER_PATHS = NO;
				ASSETCATALOG_COMPILER_GENERATE_SWIFT_ASSET_SYMBOL_EXTENSIONS = YES;
				CLANG_ANALYZER_NONNULL = YES;
				CLANG_ANALYZER_NUMBER_OBJECT_CONVERSION = YES_AGGRESSIVE;
				CLANG_CXX_LANGUAGE_STANDARD = "gnu++20";
				CLANG_ENABLE_MODULES = YES;
				CLANG_ENABLE_OBJC_ARC = YES;
				CLANG_ENABLE_OBJC_WEAK = YES;
				CLANG_WARN_BLOCK_CAPTURE_AUTORELEASING = YES;
				CLANG_WARN_BOOL_CONVERSION = YES;
				CLANG_WARN_COMMA = YES;
				CLANG_WARN_CONSTANT_CONVERSION = YES;
				CLANG_WARN_DEPRECATED_OBJC_IMPLEMENTATIONS = YES;
				CLANG_WARN_DIRECT_OBJC_ISA_USAGE = YES_ERROR;
				CLANG_WARN_DOCUMENTATION_COMMENTS = YES;
				CLANG_WARN_EMPTY_BODY = YES;
				CLANG_WARN_ENUM_CONVERSION = YES;
				CLANG_WARN_INFINITE_RECURSION = YES;
				CLANG_WARN_INT_CONVERSION = YES;
				CLANG_WARN_NON_LITERAL_NULL_CONVERSION = YES;
				CLANG_WARN_OBJC_IMPLICIT_RETAIN_SELF = YES;
				CLANG_WARN_OBJC_LITERAL_CONVERSION = YES;
				CLANG_WARN_OBJC_ROOT_CLASS = YES_ERROR;
				CLANG_WARN_QUOTED_INCLUDE_IN_FRAMEWORK_HEADER = YES;
				CLANG_WARN_RANGE_LOOP_ANALYSIS = YES;
				CLANG_WARN_STRICT_PROTOTYPES = YES;
				CLANG_WARN_SUSPICIOUS_MOVE = YES;
				CLANG_WARN_UNGUARDED_AVAILABILITY = YES_AGGRESSIVE;
				CLANG_WARN_UNREACHABLE_CODE = YES;
				CLANG_WARN__DUPLICATE_METHOD_MATCH = YES;
				COPY_PHASE_STRIP = NO;
				DEBUG_INFORMATION_FORMAT = dwarf;
				ENABLE_STRICT_OBJC_MSGSEND = YES;
				ENABLE_TESTABILITY = YES;
				ENABLE_USER_SCRIPT_SANDBOXING = YES;
				GCC_C_LANGUAGE_STANDARD = gnu17;
				GCC_DYNAMIC_NO_PIC = NO;
				GCC_NO_COMMON_BLOCKS = YES;
				GCC_OPTIMIZATION_LEVEL = 0;
				GCC_PREPROCESSOR_DEFINITIONS = (
					"DEBUG=1",
					"$(inherited)",
				);
				GCC_WARN_64_TO_32_BIT_CONVERSION = YES;
				GCC_WARN_ABOUT_RETURN_TYPE = YES_ERROR;
				GCC_WARN_UNDECLARED_SELECTOR = YES;
				GCC_WARN_UNINITIALIZED_AUTOS = YES_AGGRESSIVE;
				GCC_WARN_UNUSED_FUNCTION = YES;
				GCC_WARN_UNUSED_VARIABLE = YES;
				IPHONEOS_DEPLOYMENT_TARGET = 16.0;
				LOCALIZATION_PREFERS_STRING_CATALOGS = YES;
				MTL_ENABLE_DEBUG_INFO = INCLUDE_SOURCE;
				MTL_FAST_MATH = YES;
				ONLY_ACTIVE_ARCH = YES;
				SDKROOT = iphoneos;
			};
			name = Debug;
		};
		EA747B282A73338400F58AE3 /* Release */ = {
			isa = XCBuildConfiguration;
			buildSettings = {
				ALWAYS_SEARCH_USER_PATHS = NO;
				ASSETCATALOG_COMPILER_GENERATE_SWIFT_ASSET_SYMBOL_EXTENSIONS = YES;
				CLANG_ANALYZER_NONNULL = YES;
				CLANG_ANALYZER_NUMBER_OBJECT_CONVERSION = YES_AGGRESSIVE;
				CLANG_CXX_LANGUAGE_STANDARD = "gnu++20";
				CLANG_ENABLE_MODULES = YES;
				CLANG_ENABLE_OBJC_ARC = YES;
				CLANG_ENABLE_OBJC_WEAK = YES;
				CLANG_WARN_BLOCK_CAPTURE_AUTORELEASING = YES;
				CLANG_WARN_BOOL_CONVERSION = YES;
				CLANG_WARN_COMMA = YES;
				CLANG_WARN_CONSTANT_CONVERSION = YES;
				CLANG_WARN_DEPRECATED_OBJC_IMPLEMENTATIONS = YES;
				CLANG_WARN_DIRECT_OBJC_ISA_USAGE = YES_ERROR;
				CLANG_WARN_DOCUMENTATION_COMMENTS = YES;
				CLANG_WARN_EMPTY_BODY = YES;
				CLANG_WARN_ENUM_CONVERSION = YES;
				CLANG_WARN_INFINITE_RECURSION = YES;
				CLANG_WARN_INT_CONVERSION = YES;
				CLANG_WARN_NON_LITERAL_NULL_CONVERSION = YES;
				CLANG_WARN_OBJC_IMPLICIT_RETAIN_SELF = YES;
				CLANG_WARN_OBJC_LITERAL_CONVERSION = YES;
				CLANG_WARN_OBJC_ROOT_CLASS = YES_ERROR;
				CLANG_WARN_QUOTED_INCLUDE_IN_FRAMEWORK_HEADER = YES;
				CLANG_WARN_RANGE_LOOP_ANALYSIS = YES;
				CLANG_WARN_STRICT_PROTOTYPES = YES;
				CLANG_WARN_SUSPICIOUS_MOVE = YES;
				CLANG_WARN_UNGUARDED_AVAILABILITY = YES_AGGRESSIVE;
				CLANG_WARN_UNREACHABLE_CODE = YES;
				CLANG_WARN__DUPLICATE_METHOD_MATCH = YES;
				COPY_PHASE_STRIP = NO;
				DEBUG_INFORMATION_FORMAT = "dwarf-with-dsym";
				ENABLE_NS_ASSERTIONS = NO;
				ENABLE_STRICT_OBJC_MSGSEND = YES;
				ENABLE_USER_SCRIPT_SANDBOXING = YES;
				GCC_C_LANGUAGE_STANDARD = gnu17;
				GCC_NO_COMMON_BLOCKS = YES;
				GCC_WARN_64_TO_32_BIT_CONVERSION = YES;
				GCC_WARN_ABOUT_RETURN_TYPE = YES_ERROR;
				GCC_WARN_UNDECLARED_SELECTOR = YES;
				GCC_WARN_UNINITIALIZED_AUTOS = YES_AGGRESSIVE;
				GCC_WARN_UNUSED_FUNCTION = YES;
				GCC_WARN_UNUSED_VARIABLE = YES;
				IPHONEOS_DEPLOYMENT_TARGET = 16.0;
				LOCALIZATION_PREFERS_STRING_CATALOGS = YES;
				MTL_ENABLE_DEBUG_INFO = NO;
				MTL_FAST_MATH = YES;
				SDKROOT = iphoneos;
				VALIDATE_PRODUCT = YES;
			};
			name = Release;
		};
		EA747B2A2A73338400F58AE3 /* Debug */ = {
			isa = XCBuildConfiguration;
			buildSettings = {
				ASSETCATALOG_COMPILER_APPICON_NAME = "iMessage App Icon";
				CODE_SIGN_STYLE = Automatic;
				CURRENT_PROJECT_VERSION = 1;
				DEVELOPMENT_TEAM = 556H65YLJ8;
				GENERATE_INFOPLIST_FILE = YES;
				INFOPLIST_FILE = "BoyzTown: Renissance Guys and Dogs StickerPackExtension/Info.plist";
				INFOPLIST_KEY_NSStickerSharingLevel = OS;
				MARKETING_VERSION = 1.0;
				PRODUCT_BUNDLE_IDENTIFIER = "DogBoot.BoyzTown--Renissance-Guys-and-Dogs.StickerPackExtension";
				PRODUCT_NAME = "$(TARGET_NAME)";
				SKIP_INSTALL = YES;
				SWIFT_EMIT_LOC_STRINGS = YES;
				TARGETED_DEVICE_FAMILY = "1,2";
			};
			name = Debug;
		};
		EA747B2B2A73338400F58AE3 /* Release */ = {
			isa = XCBuildConfiguration;
			buildSettings = {
				ASSETCATALOG_COMPILER_APPICON_NAME = "iMessage App Icon";
				CODE_SIGN_STYLE = Automatic;
				CURRENT_PROJECT_VERSION = 1;
				DEVELOPMENT_TEAM = 556H65YLJ8;
				GENERATE_INFOPLIST_FILE = YES;
				INFOPLIST_FILE = "BoyzTown: Renissance Guys and Dogs StickerPackExtension/Info.plist";
				INFOPLIST_KEY_NSStickerSharingLevel = OS;
				MARKETING_VERSION = 1.0;
				PRODUCT_BUNDLE_IDENTIFIER = "DogBoot.BoyzTown--Renissance-Guys-and-Dogs.StickerPackExtension";
				PRODUCT_NAME = "$(TARGET_NAME)";
				SKIP_INSTALL = YES;
				SWIFT_EMIT_LOC_STRINGS = YES;
				TARGETED_DEVICE_FAMILY = "1,2";
			};
			name = Release;
		};
		EA747B2E2A73338400F58AE3 /* Debug */ = {
			isa = XCBuildConfiguration;
			buildSettings = {
				ASSETCATALOG_COMPILER_APPICON_NAME = "iMessage App Icon";
				CODE_SIGN_IDENTITY = "Apple Development";
				CODE_SIGN_STYLE = Automatic;
				CURRENT_PROJECT_VERSION = 1;
				DEVELOPMENT_TEAM = 556H65YLJ8;
				GENERATE_INFOPLIST_FILE = YES;
				INFOPLIST_FILE = "BoyzTown: Renissance Guys and Dogs/Info.plist";
				INFOPLIST_KEY_NSStickerSharingLevel = OS;
				IPHONEOS_DEPLOYMENT_TARGET = 12.0;
				MARKETING_VERSION = 1.0;
				PRODUCT_BUNDLE_IDENTIFIER = "DogBoot.BoyzTown--Renissance-Guys-and-Dogs";
				PRODUCT_NAME = "$(TARGET_NAME)";
				PROVISIONING_PROFILE_SPECIFIER = "";
				SWIFT_EMIT_LOC_STRINGS = YES;
				TARGETED_DEVICE_FAMILY = "1,2";
			};
			name = Debug;
		};
		EA747B2F2A73338400F58AE3 /* Release */ = {
			isa = XCBuildConfiguration;
			buildSettings = {
				ASSETCATALOG_COMPILER_APPICON_NAME = "iMessage App Icon";
				CODE_SIGN_IDENTITY = "Apple Development";
				CODE_SIGN_STYLE = Automatic;
				CURRENT_PROJECT_VERSION = 1;
				DEVELOPMENT_TEAM = 556H65YLJ8;
				GENERATE_INFOPLIST_FILE = YES;
				INFOPLIST_FILE = "BoyzTown: Renissance Guys and Dogs/Info.plist";
				INFOPLIST_KEY_NSStickerSharingLevel = OS;
				IPHONEOS_DEPLOYMENT_TARGET = 12.0;
				MARKETING_VERSION = 1.0;
				PRODUCT_BUNDLE_IDENTIFIER = "DogBoot.BoyzTown--Renissance-Guys-and-Dogs";
				PRODUCT_NAME = "$(TARGET_NAME)";
				PROVISIONING_PROFILE_SPECIFIER = "";
				SWIFT_EMIT_LOC_STRINGS = YES;
				TARGETED_DEVICE_FAMILY = "1,2";
			};
			name = Release;
		};
/* End XCBuildConfiguration section */

/* Begin XCConfigurationList section */
		EA747B192A73338400F58AE3 /* Build configuration list for PBXProject "BoyzTown: Renissance Guys and Dogs" */ = {
			isa = XCConfigurationList;
			buildConfigurations = (
				EA747B272A73338400F58AE3 /* Debug */,
				EA747B282A73338400F58AE3 /* Release */,
			);
			defaultConfigurationIsVisible = 0;
			defaultConfigurationName = Release;
		};
		EA747B292A73338400F58AE3 /* Build configuration list for PBXNativeTarget "BoyzTown: Renissance Guys and Dogs StickerPackExtension" */ = {
			isa = XCConfigurationList;
			buildConfigurations = (
				EA747B2A2A73338400F58AE3 /* Debug */,
				EA747B2B2A73338400F58AE3 /* Release */,
			);
			defaultConfigurationIsVisible = 0;
			defaultConfigurationName = Release;
		};
		EA747B2D2A73338400F58AE3 /* Build configuration list for PBXNativeTarget "BoyzTown: Renissance Guys and Dogs" */ = {
			isa = XCConfigurationList;
			buildConfigurations = (
				EA747B2E2A73338400F58AE3 /* Debug */,
				EA747B2F2A73338400F58AE3 /* Release */,
			);
			defaultConfigurationIsVisible = 0;
			defaultConfigurationName = Release;
		};
/* End XCConfigurationList section */
	};
	rootObject = EA747B162A73338400F58AE3 /* Project object */;
}
